hash: c0aca6beb52f449d34dddd9698d5a3af81f63bacbc89a4f51bc3205ebac15ef7
updated: 2016-12-19T12:50:59.136962608+01:00
imports:
- name: github.com/gorilla/mux
  version: 757bef944d0f21880861c2dd9c871ca543023cba
- name: github.com/NYTimes/gziphandler
  version: 172fbbbb329cf7e031dd3ab35766186fc2081eab
devImports: []
